
Microsoft Visual Studio Solution File, Format Version 12.00
# Visual Studio 14
VisualStudioVersion = 14.0.25420.1
MinimumVisualStudioVersion = 10.0.40219.1
Project("{FAE04EC0-301F-11D3-BF4B-00C04F79EFBC}") = "RunnersPal.Web", "RunnersPal.Web\RunnersPal.Web.csproj", "{4D7773D5-3673-4CC2-AC11-DB7ACF1F6413}"
EndProject
Project("{FAE04EC0-301F-11D3-BF4B-00C04F79EFBC}") = "RunnersPal", "RunnersPal\RunnersPal.csproj", "{75D387CE-87ED-4FA3-B9C5-CEE3B41B3F09}"
EndProject
Project("{FAE04EC0-301F-11D3-BF4B-00C04F79EFBC}") = "RunnersPal.Tests", "RunnersPal.Tests\RunnersPal.Tests.csproj", "{FF8CDB0A-547C-446A-8399-246F099408FA}"
EndProject
Global
	GlobalSection(SolutionConfigurationPlatforms) = preSolution
		Debug|Any CPU = Debug|Any CPU
		Release|Any CPU = Release|Any CPU
	EndGlobalSection
	GlobalSection(ProjectConfigurationPlatforms) = postSolution
		{4D7773D5-3673-4CC2-AC11-DB7ACF1F6413}.Debug|Any CPU.ActiveCfg = Debug|Any CPU
		{4D7773D5-3673-4CC2-AC11-DB7ACF1F6413}.Debug|Any CPU.Build.0 = Debug|Any CPU
		{4D7773D5-3673-4CC2-AC11-DB7ACF1F6413}.Release|Any CPU.ActiveCfg = Release|Any CPU
		{4D7773D5-3673-4CC2-AC11-DB7ACF1F6413}.Release|Any CPU.Build.0 = Release|Any CPU
		{75D387CE-87ED-4FA3-B9C5-CEE3B41B3F09}.Debug|Any CPU.ActiveCfg = Debug|Any CPU
		{75D387CE-87ED-4FA3-B9C5-CEE3B41B3F09}.Debug|Any CPU.Build.0 = Debug|Any CPU
		{75D387CE-87ED-4FA3-B9C5-CEE3B41B3F09}.Release|Any CPU.ActiveCfg = Release|Any CPU
		{75D387CE-87ED-4FA3-B9C5-CEE3B41B3F09}.Release|Any CPU.Build.0 = Release|Any CPU
		{FF8CDB0A-547C-446A-8399-246F099408FA}.Debug|Any CPU.ActiveCfg = Debug|Any CPU
		{FF8CDB0A-547C-446A-8399-246F099408FA}.Debug|Any CPU.Build.0 = Debug|Any CPU
		{FF8CDB0A-547C-446A-8399-246F099408FA}.Release|Any CPU.ActiveCfg = Release|Any CPU
		{FF8CDB0A-547C-446A-8399-246F099408FA}.Release|Any CPU.Build.0 = Release|Any CPU
	EndGlobalSection
	GlobalSection(SolutionProperties) = preSolution
		HideSolutionNode = FALSE
	EndGlobalSection
EndGlobal
